
Microsoft Visual Studio Solution File, Format Version 11.00
# Visual Studio 2010
Project("{8BC9CEB8-8B4A-11D0-8D11-00A0C91BC942}") = "DirectInput", "DirectInput.vcxproj", "{4E3580F3-7130-4E0B-A529-52A91DACD793}"
EndProject
Global
	GlobalSection(SolutionConfigurationPlatforms) = preSolution
		Debug|Win32 = Debug|Win32
		Release|Win32 = Release|Win32
	EndGlobalSection
	GlobalSection(ProjectConfigurationPlatforms) = postSolution
		{4E3580F3-7130-4E0B-A529-52A91DACD793}.Debug|Win32.ActiveCfg = Debug|Win32
		{4E3580F3-7130-4E0B-A529-52A91DACD793}.Debug|Win32.Build.0 = Debug|Win32
		{4E3580F3-7130-4E0B-A529-52A91DACD793}.Release|Win32.ActiveCfg = Release|Win32
		{4E3580F3-7130-4E0B-A529-52A91DACD793}.Release|Win32.Build.0 = Release|Win32
	EndGlobalSection
	GlobalSection(SolutionProperties) = preSolution
		HideSolutionNode = FALSE
	EndGlobalSection
EndGlobal
